
Microsoft Visual Studio Solution File, Format Version 12.00
# Visual Studio Version 16
VisualStudioVersion = 16.0.30804.86
MinimumVisualStudioVersion = 10.0.40219.1
Project("{FAE04EC0-301F-11D3-BF4B-00C04F79EFBC}") = "SchoolManagementSystem", "SchoolManagementSystem.csproj", "{0469038F-66DC-4BAF-B94B-902176441EFF}"
EndProject
Global
	GlobalSection(SolutionConfigurationPlatforms) = preSolution
		Debug|Any CPU = Debug|Any CPU
		Release|Any CPU = Release|Any CPU
	EndGlobalSection
	GlobalSection(ProjectConfigurationPlatforms) = postSolution
		{0469038F-66DC-4BAF-B94B-902176441EFF}.Debug|Any CPU.ActiveCfg = Debug|Any CPU
		{0469038F-66DC-4BAF-B94B-902176441EFF}.Debug|Any CPU.Build.0 = Debug|Any CPU
		{0469038F-66DC-4BAF-B94B-902176441EFF}.Release|Any CPU.ActiveCfg = Release|Any CPU
		{0469038F-66DC-4BAF-B94B-902176441EFF}.Release|Any CPU.Build.0 = Release|Any CPU
	EndGlobalSection
	GlobalSection(SolutionProperties) = preSolution
		HideSolutionNode = FALSE
	EndGlobalSection
	GlobalSection(ExtensibilityGlobals) = postSolution
		SolutionGuid = {D51262AE-313E-4EAE-B3A1-3DCB640076C8}
	EndGlobalSection
EndGlobal
